
Microsoft Visual Studio Solution File, Format Version 12.00
# Visual Studio Version 16
VisualStudioVersion = 16.0.30907.101
MinimumVisualStudioVersion = 10.0.40219.1
Project("{FAE04EC0-301F-11D3-BF4B-00C04F79EFBC}") = "SetRegionalWeaponsControlStatus", "SetRegionalWeaponsControlStatus\SetRegionalWeaponsControlStatus.csproj", "{40F46984-C030-442A-A23B-049CE1B09898}"
EndProject
Global
	GlobalSection(SolutionConfigurationPlatforms) = preSolution
		Debug|Any CPU = Debug|Any CPU
		Release|Any CPU = Release|Any CPU
	EndGlobalSection
	GlobalSection(ProjectConfigurationPlatforms) = postSolution
		{40F46984-C030-442A-A23B-049CE1B09898}.Debug|Any CPU.ActiveCfg = Debug|Any CPU
		{40F46984-C030-442A-A23B-049CE1B09898}.Debug|Any CPU.Build.0 = Debug|Any CPU
		{40F46984-C030-442A-A23B-049CE1B09898}.Release|Any CPU.ActiveCfg = Release|Any CPU
		{40F46984-C030-442A-A23B-049CE1B09898}.Release|Any CPU.Build.0 = Release|Any CPU
	EndGlobalSection
	GlobalSection(SolutionProperties) = preSolution
		HideSolutionNode = FALSE
	EndGlobalSection
	GlobalSection(ExtensibilityGlobals) = postSolution
		SolutionGuid = {842C3411-A44C-4482-A809-50A1EAB167B3}
	EndGlobalSection
EndGlobal
